
Microsoft Visual Studio Solution File, Format Version 12.00
# Visual Studio Version 17
VisualStudioVersion = 17.4.33205.214
MinimumVisualStudioVersion = 10.0.40219.1
Project("{2150E333-8FDC-42A3-9474-1A3956D46DE8}") = "src", "src", "{4B1D1DCA-F036-4252-BBF7-E0C9F61ACDB7}"
EndProject
Project("{2150E333-8FDC-42A3-9474-1A3956D46DE8}") = "Test", "Test", "{90573785-AE2A-45D2-98F3-FBCFD771ECAE}"
EndProject
Project("{2150E333-8FDC-42A3-9474-1A3956D46DE8}") = "API", "API", "{3A729D74-CF39-4A99-9CB7-A5EA828B51FC}"
EndProject
Project("{2150E333-8FDC-42A3-9474-1A3956D46DE8}") = "Core", "Core", "{C04522AF-7F25-41C3-9BD7-9866F2713ADA}"
EndProject
Project("{2150E333-8FDC-42A3-9474-1A3956D46DE8}") = "Infrastructure", "Infrastructure", "{FAF55A8A-BBE7-4FAE-B100-299002D8E74E}"
EndProject
Project("{2150E333-8FDC-42A3-9474-1A3956D46DE8}") = "UI", "UI", "{97680782-B468-4234-8F94-C6BC605299AE}"
EndProject
Project("{9A19103F-16F7-4668-BE54-9A1E7A4F7556}") = "Detailr.Domain", "Detailr.Domain\Detailr.Domain.csproj", "{6B01540F-4084-437F-8D77-5FC9AA187D4F}"
EndProject
Project("{9A19103F-16F7-4668-BE54-9A1E7A4F7556}") = "Detailr.Application", "Detailr.Application\Detailr.Application.csproj", "{9D498954-8429-407E-A4DB-E97FDF25D1D2}"
EndProject
Project("{9A19103F-16F7-4668-BE54-9A1E7A4F7556}") = "Detailr.Persistence", "Detailr.Persistence\Detailr.Persistence.csproj", "{4919F369-588F-435B-86FA-EE731CB574FC}"
EndProject
Project("{9A19103F-16F7-4668-BE54-9A1E7A4F7556}") = "Detailr.Infrastructure", "Detailr.Infrastructure\Detailr.Infrastructure.csproj", "{9D79CEDA-C18C-410C-BE73-203645976A93}"
EndProject
Project("{9A19103F-16F7-4668-BE54-9A1E7A4F7556}") = "Detailr.API", "Detailr.API\Detailr.API.csproj", "{C477C4D6-7CEC-4392-AEC3-B888260ADE03}"
EndProject
Project("{9A19103F-16F7-4668-BE54-9A1E7A4F7556}") = "Detailr.Application.UnitTests", "Detailr.Application.UnitTests\Detailr.Application.UnitTests.csproj", "{EA22566A-89DE-455C-8637-F0F4779EDFE5}"
EndProject
Project("{9A19103F-16F7-4668-BE54-9A1E7A4F7556}") = "Detailr.MVC", "Detailr.MVC\Detailr.MVC.csproj", "{67B9A143-96E8-4A20-81CC-6A33CAC4CA9C}"
EndProject
Project("{FAE04EC0-301F-11D3-BF4B-00C04F79EFBC}") = "Detailr.Identity", "Detailr.Identity\Detailr.Identity.csproj", "{A6C01F43-D318-469D-93CA-EAF704190A88}"
EndProject
Global
	GlobalSection(SolutionConfigurationPlatforms) = preSolution
		Debug|Any CPU = Debug|Any CPU
		Release|Any CPU = Release|Any CPU
	EndGlobalSection
	GlobalSection(ProjectConfigurationPlatforms) = postSolution
		{6B01540F-4084-437F-8D77-5FC9AA187D4F}.Debug|Any CPU.ActiveCfg = Debug|Any CPU
		{6B01540F-4084-437F-8D77-5FC9AA187D4F}.Debug|Any CPU.Build.0 = Debug|Any CPU
		{6B01540F-4084-437F-8D77-5FC9AA187D4F}.Release|Any CPU.ActiveCfg = Release|Any CPU
		{6B01540F-4084-437F-8D77-5FC9AA187D4F}.Release|Any CPU.Build.0 = Release|Any CPU
		{9D498954-8429-407E-A4DB-E97FDF25D1D2}.Debug|Any CPU.ActiveCfg = Debug|Any CPU
		{9D498954-8429-407E-A4DB-E97FDF25D1D2}.Debug|Any CPU.Build.0 = Debug|Any CPU
		{9D498954-8429-407E-A4DB-E97FDF25D1D2}.Release|Any CPU.ActiveCfg = Release|Any CPU
		{9D498954-8429-407E-A4DB-E97FDF25D1D2}.Release|Any CPU.Build.0 = Release|Any CPU
		{4919F369-588F-435B-86FA-EE731CB574FC}.Debug|Any CPU.ActiveCfg = Debug|Any CPU
		{4919F369-588F-435B-86FA-EE731CB574FC}.Debug|Any CPU.Build.0 = Debug|Any CPU
		{4919F369-588F-435B-86FA-EE731CB574FC}.Release|Any CPU.ActiveCfg = Release|Any CPU
		{4919F369-588F-435B-86FA-EE731CB574FC}.Release|Any CPU.Build.0 = Release|Any CPU
		{9D79CEDA-C18C-410C-BE73-203645976A93}.Debug|Any CPU.ActiveCfg = Debug|Any CPU
		{9D79CEDA-C18C-410C-BE73-203645976A93}.Debug|Any CPU.Build.0 = Debug|Any CPU
		{9D79CEDA-C18C-410C-BE73-203645976A93}.Release|Any CPU.ActiveCfg = Release|Any CPU
		{9D79CEDA-C18C-410C-BE73-203645976A93}.Release|Any CPU.Build.0 = Release|Any CPU
		{C477C4D6-7CEC-4392-AEC3-B888260ADE03}.Debug|Any CPU.ActiveCfg = Debug|Any CPU
		{C477C4D6-7CEC-4392-AEC3-B888260ADE03}.Debug|Any CPU.Build.0 = Debug|Any CPU
		{C477C4D6-7CEC-4392-AEC3-B888260ADE03}.Release|Any CPU.ActiveCfg = Release|Any CPU
		{C477C4D6-7CEC-4392-AEC3-B888260ADE03}.Release|Any CPU.Build.0 = Release|Any CPU
		{EA22566A-89DE-455C-8637-F0F4779EDFE5}.Debug|Any CPU.ActiveCfg = Debug|Any CPU
		{EA22566A-89DE-455C-8637-F0F4779EDFE5}.Debug|Any CPU.Build.0 = Debug|Any CPU
		{EA22566A-89DE-455C-8637-F0F4779EDFE5}.Release|Any CPU.ActiveCfg = Release|Any CPU
		{EA22566A-89DE-455C-8637-F0F4779EDFE5}.Release|Any CPU.Build.0 = Release|Any CPU
		{67B9A143-96E8-4A20-81CC-6A33CAC4CA9C}.Debug|Any CPU.ActiveCfg = Debug|Any CPU
		{67B9A143-96E8-4A20-81CC-6A33CAC4CA9C}.Debug|Any CPU.Build.0 = Debug|Any CPU
		{67B9A143-96E8-4A20-81CC-6A33CAC4CA9C}.Release|Any CPU.ActiveCfg = Release|Any CPU
		{67B9A143-96E8-4A20-81CC-6A33CAC4CA9C}.Release|Any CPU.Build.0 = Release|Any CPU
		{A6C01F43-D318-469D-93CA-EAF704190A88}.Debug|Any CPU.ActiveCfg = Debug|Any CPU
		{A6C01F43-D318-469D-93CA-EAF704190A88}.Debug|Any CPU.Build.0 = Debug|Any CPU
		{A6C01F43-D318-469D-93CA-EAF704190A88}.Release|Any CPU.ActiveCfg = Release|Any CPU
		{A6C01F43-D318-469D-93CA-EAF704190A88}.Release|Any CPU.Build.0 = Release|Any CPU
	EndGlobalSection
	GlobalSection(SolutionProperties) = preSolution
		HideSolutionNode = FALSE
	EndGlobalSection
	GlobalSection(NestedProjects) = preSolution
		{3A729D74-CF39-4A99-9CB7-A5EA828B51FC} = {4B1D1DCA-F036-4252-BBF7-E0C9F61ACDB7}
		{C04522AF-7F25-41C3-9BD7-9866F2713ADA} = {4B1D1DCA-F036-4252-BBF7-E0C9F61ACDB7}
		{FAF55A8A-BBE7-4FAE-B100-299002D8E74E} = {4B1D1DCA-F036-4252-BBF7-E0C9F61ACDB7}
		{97680782-B468-4234-8F94-C6BC605299AE} = {4B1D1DCA-F036-4252-BBF7-E0C9F61ACDB7}
		{6B01540F-4084-437F-8D77-5FC9AA187D4F} = {C04522AF-7F25-41C3-9BD7-9866F2713ADA}
		{9D498954-8429-407E-A4DB-E97FDF25D1D2} = {C04522AF-7F25-41C3-9BD7-9866F2713ADA}
		{4919F369-588F-435B-86FA-EE731CB574FC} = {FAF55A8A-BBE7-4FAE-B100-299002D8E74E}
		{9D79CEDA-C18C-410C-BE73-203645976A93} = {FAF55A8A-BBE7-4FAE-B100-299002D8E74E}
		{C477C4D6-7CEC-4392-AEC3-B888260ADE03} = {3A729D74-CF39-4A99-9CB7-A5EA828B51FC}
		{EA22566A-89DE-455C-8637-F0F4779EDFE5} = {90573785-AE2A-45D2-98F3-FBCFD771ECAE}
		{67B9A143-96E8-4A20-81CC-6A33CAC4CA9C} = {97680782-B468-4234-8F94-C6BC605299AE}
		{A6C01F43-D318-469D-93CA-EAF704190A88} = {FAF55A8A-BBE7-4FAE-B100-299002D8E74E}
	EndGlobalSection
	GlobalSection(ExtensibilityGlobals) = postSolution
		SolutionGuid = {BA311C78-994B-477E-9E8E-BF50A1607305}
	EndGlobalSection
EndGlobal
